// !$*UTF8*$!
{
	archiveVersion = 1;
	classes = {
	};
	objectVersion = 56;
	objects = {

/* Begin PBXBuildFile section */
		39D94EEA2BEFDC2F00F4B3F1 /* RequestTokenResponse.swift in Sources */ = {isa = PBXBuildFile; fileRef = 39D94EE92BEFDC2F00F4B3F1 /* RequestTokenResponse.swift */; };
		39D94EED2BEFE44200F4B3F1 /* MapViewController.swift in Sources */ = {isa = PBXBuildFile; fileRef = 39D94EEC2BEFE44200F4B3F1 /* MapViewController.swift */; };
		39D94EEF2BEFE47300F4B3F1 /* MapView.swift in Sources */ = {isa = PBXBuildFile; fileRef = 39D94EEE2BEFE47300F4B3F1 /* MapView.swift */; };
		39D94EF12BEFECBA00F4B3F1 /* StudentLocationResponse.swift in Sources */ = {isa = PBXBuildFile; fileRef = 39D94EF02BEFECBA00F4B3F1 /* StudentLocationResponse.swift */; };
		39D94EF42BEFF1E700F4B3F1 /* HomeViewController.swift in Sources */ = {isa = PBXBuildFile; fileRef = 39D94EF32BEFF1E700F4B3F1 /* HomeViewController.swift */; };
		39D94EF72BEFF28600F4B3F1 /* ListViewController.swift in Sources */ = {isa = PBXBuildFile; fileRef = 39D94EF62BEFF28600F4B3F1 /* ListViewController.swift */; };
		39D94EF92BEFFF9000F4B3F1 /* HomeViewModel.swift in Sources */ = {isa = PBXBuildFile; fileRef = 39D94EF82BEFFF9000F4B3F1 /* HomeViewModel.swift */; };
		39D94EFB2BF0007700F4B3F1 /* StudentLocation.swift in Sources */ = {isa = PBXBuildFile; fileRef = 39D94EFA2BF0007700F4B3F1 /* StudentLocation.swift */; };
		39D94F002BF007C900F4B3F1 /* PostLocationViewController.swift in Sources */ = {isa = PBXBuildFile; fileRef = 39D94EFF2BF007C900F4B3F1 /* PostLocationViewController.swift */; };
		39D94F022BF007D400F4B3F1 /* PostLocationInformationView.swift in Sources */ = {isa = PBXBuildFile; fileRef = 39D94F012BF007D400F4B3F1 /* PostLocationInformationView.swift */; };
		39D94F042BF007DD00F4B3F1 /* PostLocationViewModel.swift in Sources */ = {isa = PBXBuildFile; fileRef = 39D94F032BF007DD00F4B3F1 /* PostLocationViewModel.swift */; };
		39D94F062BF0385800F4B3F1 /* UIColorExtensions.swift in Sources */ = {isa = PBXBuildFile; fileRef = 39D94F052BF0385800F4B3F1 /* UIColorExtensions.swift */; };
		39D94F082BF0405900F4B3F1 /* PostLocationSubmitView.swift in Sources */ = {isa = PBXBuildFile; fileRef = 39D94F072BF0405800F4B3F1 /* PostLocationSubmitView.swift */; };
		39D94F0A2BF2D46800F4B3F1 /* PostStudentLocationResponse.swift in Sources */ = {isa = PBXBuildFile; fileRef = 39D94F092BF2D46700F4B3F1 /* PostStudentLocationResponse.swift */; };
		39D94F0C2BF2D49400F4B3F1 /* PostStudentLocationRequest.swift in Sources */ = {isa = PBXBuildFile; fileRef = 39D94F0B2BF2D49400F4B3F1 /* PostStudentLocationRequest.swift */; };
		39D94F0E2BF4388600F4B3F1 /* StringExtension.swift in Sources */ = {isa = PBXBuildFile; fileRef = 39D94F0D2BF4388600F4B3F1 /* StringExtension.swift */; };
		39F92C582BDC5E7D00C92B09 /* AppDelegate.swift in Sources */ = {isa = PBXBuildFile; fileRef = 39F92C572BDC5E7D00C92B09 /* AppDelegate.swift */; };
		39F92C5A2BDC5E7D00C92B09 /* SceneDelegate.swift in Sources */ = {isa = PBXBuildFile; fileRef = 39F92C592BDC5E7D00C92B09 /* SceneDelegate.swift */; };
		39F92C5C2BDC5E7D00C92B09 /* LoginViewController.swift in Sources */ = {isa = PBXBuildFile; fileRef = 39F92C5B2BDC5E7D00C92B09 /* LoginViewController.swift */; };
		39F92C612BDC5E8100C92B09 /* Assets.xcassets in Resources */ = {isa = PBXBuildFile; fileRef = 39F92C602BDC5E8100C92B09 /* Assets.xcassets */; };
		39F92C642BDC5E8100C92B09 /* LaunchScreen.storyboard in Resources */ = {isa = PBXBuildFile; fileRef = 39F92C622BDC5E8100C92B09 /* LaunchScreen.storyboard */; };
		39F92C6D2BDC659D00C92B09 /* LoginViewModel.swift in Sources */ = {isa = PBXBuildFile; fileRef = 39F92C6C2BDC659D00C92B09 /* LoginViewModel.swift */; };
		39F92C6F2BDC65BC00C92B09 /* LoginView.swift in Sources */ = {isa = PBXBuildFile; fileRef = 39F92C6E2BDC65BC00C92B09 /* LoginView.swift */; };
		39F92C722BDC678500C92B09 /* UIViewExtensions.swift in Sources */ = {isa = PBXBuildFile; fileRef = 39F92C712BDC678500C92B09 /* UIViewExtensions.swift */; };
		39F92C742BDC71B900C92B09 /* UIViewControllerExtensions.swift in Sources */ = {isa = PBXBuildFile; fileRef = 39F92C732BDC71B900C92B09 /* UIViewControllerExtensions.swift */; };
		39F92C792BDC869200C92B09 /* UdacityAPI.swift in Sources */ = {isa = PBXBuildFile; fileRef = 39F92C782BDC869200C92B09 /* UdacityAPI.swift */; };
		39F92C7C2BDC98B400C92B09 /* LoginRequest.swift in Sources */ = {isa = PBXBuildFile; fileRef = 39F92C7B2BDC98B400C92B09 /* LoginRequest.swift */; };
		39F933092BF8191B00AE39BF /* ErrorResponse.swift in Sources */ = {isa = PBXBuildFile; fileRef = 39F933082BF8191B00AE39BF /* ErrorResponse.swift */; };
		39F9330B2BF966C400AE39BF /* ListViewModel.swift in Sources */ = {isa = PBXBuildFile; fileRef = 39F9330A2BF966C400AE39BF /* ListViewModel.swift */; };
/* End PBXBuildFile section */

/* Begin PBXFileReference section */
		39D94EE92BEFDC2F00F4B3F1 /* RequestTokenResponse.swift */ = {isa = PBXFileReference; lastKnownFileType = sourcecode.swift; path = RequestTokenResponse.swift; sourceTree = "<group>"; };
		39D94EEC2BEFE44200F4B3F1 /* MapViewController.swift */ = {isa = PBXFileReference; lastKnownFileType = sourcecode.swift; path = MapViewController.swift; sourceTree = "<group>"; };
		39D94EEE2BEFE47300F4B3F1 /* MapView.swift */ = {isa = PBXFileReference; lastKnownFileType = sourcecode.swift; path = MapView.swift; sourceTree = "<group>"; };
		39D94EF02BEFECBA00F4B3F1 /* StudentLocationResponse.swift */ = {isa = PBXFileReference; lastKnownFileType = sourcecode.swift; path = StudentLocationResponse.swift; sourceTree = "<group>"; };
		39D94EF32BEFF1E700F4B3F1 /* HomeViewController.swift */ = {isa = PBXFileReference; lastKnownFileType = sourcecode.swift; path = HomeViewController.swift; sourceTree = "<group>"; };
		39D94EF62BEFF28600F4B3F1 /* ListViewController.swift */ = {isa = PBXFileReference; lastKnownFileType = sourcecode.swift; path = ListViewController.swift; sourceTree = "<group>"; };
		39D94EF82BEFFF9000F4B3F1 /* HomeViewModel.swift */ = {isa = PBXFileReference; lastKnownFileType = sourcecode.swift; path = HomeViewModel.swift; sourceTree = "<group>"; };
		39D94EFA2BF0007700F4B3F1 /* StudentLocation.swift */ = {isa = PBXFileReference; lastKnownFileType = sourcecode.swift; path = StudentLocation.swift; sourceTree = "<group>"; };
		39D94EFF2BF007C900F4B3F1 /* PostLocationViewController.swift */ = {isa = PBXFileReference; lastKnownFileType = sourcecode.swift; path = PostLocationViewController.swift; sourceTree = "<group>"; };
		39D94F012BF007D400F4B3F1 /* PostLocationInformationView.swift */ = {isa = PBXFileReference; lastKnownFileType = sourcecode.swift; path = PostLocationInformationView.swift; sourceTree = "<group>"; };
		39D94F032BF007DD00F4B3F1 /* PostLocationViewModel.swift */ = {isa = PBXFileReference; lastKnownFileType = sourcecode.swift; path = PostLocationViewModel.swift; sourceTree = "<group>"; };
		39D94F052BF0385800F4B3F1 /* UIColorExtensions.swift */ = {isa = PBXFileReference; lastKnownFileType = sourcecode.swift; path = UIColorExtensions.swift; sourceTree = "<group>"; };
		39D94F072BF0405800F4B3F1 /* PostLocationSubmitView.swift */ = {isa = PBXFileReference; lastKnownFileType = sourcecode.swift; path = PostLocationSubmitView.swift; sourceTree = "<group>"; };
		39D94F092BF2D46700F4B3F1 /* PostStudentLocationResponse.swift */ = {isa = PBXFileReference; lastKnownFileType = sourcecode.swift; path = PostStudentLocationResponse.swift; sourceTree = "<group>"; };
		39D94F0B2BF2D49400F4B3F1 /* PostStudentLocationRequest.swift */ = {isa = PBXFileReference; lastKnownFileType = sourcecode.swift; path = PostStudentLocationRequest.swift; sourceTree = "<group>"; };
		39D94F0D2BF4388600F4B3F1 /* StringExtension.swift */ = {isa = PBXFileReference; lastKnownFileType = sourcecode.swift; path = StringExtension.swift; sourceTree = "<group>"; };
		39F92C542BDC5E7D00C92B09 /* On the Map.app */ = {isa = PBXFileReference; explicitFileType = wrapper.application; includeInIndex = 0; path = "On the Map.app"; sourceTree = BUILT_PRODUCTS_DIR; };
		39F92C572BDC5E7D00C92B09 /* AppDelegate.swift */ = {isa = PBXFileReference; lastKnownFileType = sourcecode.swift; path = AppDelegate.swift; sourceTree = "<group>"; };
		39F92C592BDC5E7D00C92B09 /* SceneDelegate.swift */ = {isa = PBXFileReference; lastKnownFileType = sourcecode.swift; path = SceneDelegate.swift; sourceTree = "<group>"; };
		39F92C5B2BDC5E7D00C92B09 /* LoginViewController.swift */ = {isa = PBXFileReference; lastKnownFileType = sourcecode.swift; path = LoginViewController.swift; sourceTree = "<group>"; };
		39F92C602BDC5E8100C92B09 /* Assets.xcassets */ = {isa = PBXFileReference; lastKnownFileType = folder.assetcatalog; path = Assets.xcassets; sourceTree = "<group>"; };
		39F92C632BDC5E8100C92B09 /* Base */ = {isa = PBXFileReference; lastKnownFileType = file.storyboard; name = Base; path = Base.lproj/LaunchScreen.storyboard; sourceTree = "<group>"; };
		39F92C652BDC5E8100C92B09 /* Info.plist */ = {isa = PBXFileReference; lastKnownFileType = text.plist.xml; path = Info.plist; sourceTree = "<group>"; };
		39F92C6C2BDC659D00C92B09 /* LoginViewModel.swift */ = {isa = PBXFileReference; lastKnownFileType = sourcecode.swift; path = LoginViewModel.swift; sourceTree = "<group>"; };
		39F92C6E2BDC65BC00C92B09 /* LoginView.swift */ = {isa = PBXFileReference; lastKnownFileType = sourcecode.swift; path = LoginView.swift; sourceTree = "<group>"; };
		39F92C712BDC678500C92B09 /* UIViewExtensions.swift */ = {isa = PBXFileReference; lastKnownFileType = sourcecode.swift; path = UIViewExtensions.swift; sourceTree = "<group>"; };
		39F92C732BDC71B900C92B09 /* UIViewControllerExtensions.swift */ = {isa = PBXFileReference; lastKnownFileType = sourcecode.swift; path = UIViewControllerExtensions.swift; sourceTree = "<group>"; };
		39F92C782BDC869200C92B09 /* UdacityAPI.swift */ = {isa = PBXFileReference; lastKnownFileType = sourcecode.swift; path = UdacityAPI.swift; sourceTree = "<group>"; };
		39F92C7B2BDC98B400C92B09 /* LoginRequest.swift */ = {isa = PBXFileReference; lastKnownFileType = sourcecode.swift; path = LoginRequest.swift; sourceTree = "<group>"; };
		39F933082BF8191B00AE39BF /* ErrorResponse.swift */ = {isa = PBXFileReference; lastKnownFileType = sourcecode.swift; path = ErrorResponse.swift; sourceTree = "<group>"; };
		39F9330A2BF966C400AE39BF /* ListViewModel.swift */ = {isa = PBXFileReference; lastKnownFileType = sourcecode.swift; path = ListViewModel.swift; sourceTree = "<group>"; };
/* End PBXFileReference section */

/* Begin PBXFrameworksBuildPhase section */
		39F92C512BDC5E7D00C92B09 /* Frameworks */ = {
			isa = PBXFrameworksBuildPhase;
			buildActionMask = 2147483647;
			files = (
			);
			runOnlyForDeploymentPostprocessing = 0;
		};
/* End PBXFrameworksBuildPhase section */

/* Begin PBXGroup section */
		39D94EE82BEFDC2400F4B3F1 /* Responses */ = {
			isa = PBXGroup;
			children = (
				39D94EE92BEFDC2F00F4B3F1 /* RequestTokenResponse.swift */,
				39D94EF02BEFECBA00F4B3F1 /* StudentLocationResponse.swift */,
				39D94EFA2BF0007700F4B3F1 /* StudentLocation.swift */,
				39D94F092BF2D46700F4B3F1 /* PostStudentLocationResponse.swift */,
				39F933082BF8191B00AE39BF /* ErrorResponse.swift */,
			);
			path = Responses;
			sourceTree = "<group>";
		};
		39D94EEB2BEFE40800F4B3F1 /* Map */ = {
			isa = PBXGroup;
			children = (
				39D94EEC2BEFE44200F4B3F1 /* MapViewController.swift */,
				39D94EEE2BEFE47300F4B3F1 /* MapView.swift */,
			);
			path = Map;
			sourceTree = "<group>";
		};
		39D94EF22BEFF1C900F4B3F1 /* Home */ = {
			isa = PBXGroup;
			children = (
				39D94EF32BEFF1E700F4B3F1 /* HomeViewController.swift */,
				39D94EF82BEFFF9000F4B3F1 /* HomeViewModel.swift */,
			);
			path = Home;
			sourceTree = "<group>";
		};
		39D94EF52BEFF24000F4B3F1 /* List */ = {
			isa = PBXGroup;
			children = (
				39D94EF62BEFF28600F4B3F1 /* ListViewController.swift */,
				39F9330A2BF966C400AE39BF /* ListViewModel.swift */,
			);
			path = List;
			sourceTree = "<group>";
		};
		39D94EFE2BF007AA00F4B3F1 /* PostLocation */ = {
			isa = PBXGroup;
			children = (
				39D94EFF2BF007C900F4B3F1 /* PostLocationViewController.swift */,
				39D94F012BF007D400F4B3F1 /* PostLocationInformationView.swift */,
				39D94F032BF007DD00F4B3F1 /* PostLocationViewModel.swift */,
				39D94F072BF0405800F4B3F1 /* PostLocationSubmitView.swift */,
			);
			path = PostLocation;
			sourceTree = "<group>";
		};
		39F92C4B2BDC5E7D00C92B09 = {
			isa = PBXGroup;
			children = (
				39F92C562BDC5E7D00C92B09 /* On the Map */,
				39F92C552BDC5E7D00C92B09 /* Products */,
			);
			sourceTree = "<group>";
		};
		39F92C552BDC5E7D00C92B09 /* Products */ = {
			isa = PBXGroup;
			children = (
				39F92C542BDC5E7D00C92B09 /* On the Map.app */,
			);
			name = Products;
			sourceTree = "<group>";
		};
		39F92C562BDC5E7D00C92B09 /* On the Map */ = {
			isa = PBXGroup;
			children = (
				39F92C772BDC867C00C92B09 /* Features */,
				39F92C752BDC77EC00C92B09 /* Services */,
				39F92C702BDC676F00C92B09 /* Extensions */,
				39F92C572BDC5E7D00C92B09 /* AppDelegate.swift */,
				39F92C592BDC5E7D00C92B09 /* SceneDelegate.swift */,
				39F92C602BDC5E8100C92B09 /* Assets.xcassets */,
				39F92C622BDC5E8100C92B09 /* LaunchScreen.storyboard */,
				39F92C652BDC5E8100C92B09 /* Info.plist */,
			);
			path = "On the Map";
			sourceTree = "<group>";
		};
		39F92C6B2BDC658900C92B09 /* Login */ = {
			isa = PBXGroup;
			children = (
				39F92C5B2BDC5E7D00C92B09 /* LoginViewController.swift */,
				39F92C6C2BDC659D00C92B09 /* LoginViewModel.swift */,
				39F92C6E2BDC65BC00C92B09 /* LoginView.swift */,
			);
			path = Login;
			sourceTree = "<group>";
		};
		39F92C702BDC676F00C92B09 /* Extensions */ = {
			isa = PBXGroup;
			children = (
				39F92C712BDC678500C92B09 /* UIViewExtensions.swift */,
				39F92C732BDC71B900C92B09 /* UIViewControllerExtensions.swift */,
				39D94F052BF0385800F4B3F1 /* UIColorExtensions.swift */,
				39D94F0D2BF4388600F4B3F1 /* StringExtension.swift */,
			);
			path = Extensions;
			sourceTree = "<group>";
		};
		39F92C752BDC77EC00C92B09 /* Services */ = {
			isa = PBXGroup;
			children = (
				39F92C762BDC866D00C92B09 /* Model */,
			);
			path = Services;
			sourceTree = "<group>";
		};
		39F92C762BDC866D00C92B09 /* Model */ = {
			isa = PBXGroup;
			children = (
				39D94EE82BEFDC2400F4B3F1 /* Responses */,
				39F92C7A2BDC989F00C92B09 /* Requests */,
				39F92C782BDC869200C92B09 /* UdacityAPI.swift */,
			);
			path = Model;
			sourceTree = "<group>";
		};
		39F92C772BDC867C00C92B09 /* Features */ = {
			isa = PBXGroup;
			children = (
				39D94EFE2BF007AA00F4B3F1 /* PostLocation */,
				39D94EF52BEFF24000F4B3F1 /* List */,
				39D94EF22BEFF1C900F4B3F1 /* Home */,
				39D94EEB2BEFE40800F4B3F1 /* Map */,
				39F92C6B2BDC658900C92B09 /* Login */,
			);
			path = Features;
			sourceTree = "<group>";
		};
		39F92C7A2BDC989F00C92B09 /* Requests */ = {
			isa = PBXGroup;
			children = (
				39F92C7B2BDC98B400C92B09 /* LoginRequest.swift */,
				39D94F0B2BF2D49400F4B3F1 /* PostStudentLocationRequest.swift */,
			);
			path = Requests;
			sourceTree = "<group>";
		};
/* End PBXGroup section */

/* Begin PBXNativeTarget section */
		39F92C532BDC5E7D00C92B09 /* On the Map */ = {
			isa = PBXNativeTarget;
			buildConfigurationList = 39F92C682BDC5E8100C92B09 /* Build configuration list for PBXNativeTarget "On the Map" */;
			buildPhases = (
				39F92C502BDC5E7D00C92B09 /* Sources */,
				39F92C512BDC5E7D00C92B09 /* Frameworks */,
				39F92C522BDC5E7D00C92B09 /* Resources */,
			);
			buildRules = (
			);
			dependencies = (
			);
			name = "On the Map";
			productName = "On the Map";
			productReference = 39F92C542BDC5E7D00C92B09 /* On the Map.app */;
			productType = "com.apple.product-type.application";
		};
/* End PBXNativeTarget section */

/* Begin PBXProject section */
		39F92C4C2BDC5E7D00C92B09 /* Project object */ = {
			isa = PBXProject;
			attributes = {
				BuildIndependentTargetsInParallel = 1;
				LastSwiftUpdateCheck = 1430;
				LastUpgradeCheck = 1430;
				TargetAttributes = {
					39F92C532BDC5E7D00C92B09 = {
						CreatedOnToolsVersion = 14.3.1;
					};
				};
			};
			buildConfigurationList = 39F92C4F2BDC5E7D00C92B09 /* Build configuration list for PBXProject "On the Map" */;
			compatibilityVersion = "Xcode 14.0";
			developmentRegion = en;
			hasScannedForEncodings = 0;
			knownRegions = (
				en,
				Base,
			);
			mainGroup = 39F92C4B2BDC5E7D00C92B09;
			productRefGroup = 39F92C552BDC5E7D00C92B09 /* Products */;
			projectDirPath = "";
			projectRoot = "";
			targets = (
				39F92C532BDC5E7D00C92B09 /* On the Map */,
			);
		};
/* End PBXProject section */

/* Begin PBXResourcesBuildPhase section */
		39F92C522BDC5E7D00C92B09 /* Resources */ = {
			isa = PBXResourcesBuildPhase;
			buildActionMask = 2147483647;
			files = (
				39F92C642BDC5E8100C92B09 /* LaunchScreen.storyboard in Resources */,
				39F92C612BDC5E8100C92B09 /* Assets.xcassets in Resources */,
			);
			runOnlyForDeploymentPostprocessing = 0;
		};
/* End PBXResourcesBuildPhase section */

/* Begin PBXSourcesBuildPhase section */
		39F92C502BDC5E7D00C92B09 /* Sources */ = {
			isa = PBXSourcesBuildPhase;
			buildActionMask = 2147483647;
			files = (
				39D94EF12BEFECBA00F4B3F1 /* StudentLocationResponse.swift in Sources */,
				39D94EED2BEFE44200F4B3F1 /* MapViewController.swift in Sources */,
				39F9330B2BF966C400AE39BF /* ListViewModel.swift in Sources */,
				39D94EEF2BEFE47300F4B3F1 /* MapView.swift in Sources */,
				39D94EF92BEFFF9000F4B3F1 /* HomeViewModel.swift in Sources */,
				39F92C7C2BDC98B400C92B09 /* LoginRequest.swift in Sources */,
				39D94EF42BEFF1E700F4B3F1 /* HomeViewController.swift in Sources */,
				39F92C792BDC869200C92B09 /* UdacityAPI.swift in Sources */,
				39D94F082BF0405900F4B3F1 /* PostLocationSubmitView.swift in Sources */,
				39D94EFB2BF0007700F4B3F1 /* StudentLocation.swift in Sources */,
				39F92C6D2BDC659D00C92B09 /* LoginViewModel.swift in Sources */,
				39F92C5C2BDC5E7D00C92B09 /* LoginViewController.swift in Sources */,
				39D94F022BF007D400F4B3F1 /* PostLocationInformationView.swift in Sources */,
				39D94EF72BEFF28600F4B3F1 /* ListViewController.swift in Sources */,
				39D94EEA2BEFDC2F00F4B3F1 /* RequestTokenResponse.swift in Sources */,
				39D94F0C2BF2D49400F4B3F1 /* PostStudentLocationRequest.swift in Sources */,
				39F92C582BDC5E7D00C92B09 /* AppDelegate.swift in Sources */,
				39F92C6F2BDC65BC00C92B09 /* LoginView.swift in Sources */,
				39D94F042BF007DD00F4B3F1 /* PostLocationViewModel.swift in Sources */,
				39D94F062BF0385800F4B3F1 /* UIColorExtensions.swift in Sources */,
				39D94F0A2BF2D46800F4B3F1 /* PostStudentLocationResponse.swift in Sources */,
				39F92C722BDC678500C92B09 /* UIViewExtensions.swift in Sources */,
				39F92C5A2BDC5E7D00C92B09 /* SceneDelegate.swift in Sources */,
				39F92C742BDC71B900C92B09 /* UIViewControllerExtensions.swift in Sources */,
				39F933092BF8191B00AE39BF /* ErrorResponse.swift in Sources */,
				39D94F0E2BF4388600F4B3F1 /* StringExtension.swift in Sources */,
				39D94F002BF007C900F4B3F1 /* PostLocationViewController.swift in Sources */,
			);
			runOnlyForDeploymentPostprocessing = 0;
		};
/* End PBXSourcesBuildPhase section */

/* Begin PBXVariantGroup section */
		39F92C622BDC5E8100C92B09 /* LaunchScreen.storyboard */ = {
			isa = PBXVariantGroup;
			children = (
				39F92C632BDC5E8100C92B09 /* Base */,
			);
			name = LaunchScreen.storyboard;
			sourceTree = "<group>";
		};
/* End PBXVariantGroup section */

/* Begin XCBuildConfiguration section */
		39F92C662BDC5E8100C92B09 /* Debug */ = {
			isa = XCBuildConfiguration;
			buildSettings = {
				ALWAYS_SEARCH_USER_PATHS = NO;
				CLANG_ANALYZER_NONNULL = YES;
				CLANG_ANALYZER_NUMBER_OBJECT_CONVERSION = YES_AGGRESSIVE;
				CLANG_CXX_LANGUAGE_STANDARD = "gnu++20";
				CLANG_ENABLE_MODULES = YES;
				CLANG_ENABLE_OBJC_ARC = YES;
				CLANG_ENABLE_OBJC_WEAK = YES;
				CLANG_WARN_BLOCK_CAPTURE_AUTORELEASING = YES;
				CLANG_WARN_BOOL_CONVERSION = YES;
				CLANG_WARN_COMMA = YES;
				CLANG_WARN_CONSTANT_CONVERSION = YES;
				CLANG_WARN_DEPRECATED_OBJC_IMPLEMENTATIONS = YES;
				CLANG_WARN_DIRECT_OBJC_ISA_USAGE = YES_ERROR;
				CLANG_WARN_DOCUMENTATION_COMMENTS = YES;
				CLANG_WARN_EMPTY_BODY = YES;
				CLANG_WARN_ENUM_CONVERSION = YES;
				CLANG_WARN_INFINITE_RECURSION = YES;
				CLANG_WARN_INT_CONVERSION = YES;
				CLANG_WARN_NON_LITERAL_NULL_CONVERSION = YES;
				CLANG_WARN_OBJC_IMPLICIT_RETAIN_SELF = YES;
				CLANG_WARN_OBJC_LITERAL_CONVERSION = YES;
				CLANG_WARN_OBJC_ROOT_CLASS = YES_ERROR;
				CLANG_WARN_QUOTED_INCLUDE_IN_FRAMEWORK_HEADER = YES;
				CLANG_WARN_RANGE_LOOP_ANALYSIS = YES;
				CLANG_WARN_STRICT_PROTOTYPES = YES;
				CLANG_WARN_SUSPICIOUS_MOVE = YES;
				CLANG_WARN_UNGUARDED_AVAILABILITY = YES_AGGRESSIVE;
				CLANG_WARN_UNREACHABLE_CODE = YES;
				CLANG_WARN__DUPLICATE_METHOD_MATCH = YES;
				COPY_PHASE_STRIP = NO;
				DEBUG_INFORMATION_FORMAT = dwarf;
				ENABLE_STRICT_OBJC_MSGSEND = YES;
				ENABLE_TESTABILITY = YES;
				GCC_C_LANGUAGE_STANDARD = gnu11;
				GCC_DYNAMIC_NO_PIC = NO;
				GCC_NO_COMMON_BLOCKS = YES;
				GCC_OPTIMIZATION_LEVEL = 0;
				GCC_PREPROCESSOR_DEFINITIONS = (
					"DEBUG=1",
					"$(inherited)",
				);
				GCC_WARN_64_TO_32_BIT_CONVERSION = YES;
				GCC_WARN_ABOUT_RETURN_TYPE = YES_ERROR;
				GCC_WARN_UNDECLARED_SELECTOR = YES;
				GCC_WARN_UNINITIALIZED_AUTOS = YES_AGGRESSIVE;
				GCC_WARN_UNUSED_FUNCTION = YES;
				GCC_WARN_UNUSED_VARIABLE = YES;
				IPHONEOS_DEPLOYMENT_TARGET = 16.4;
				MTL_ENABLE_DEBUG_INFO = INCLUDE_SOURCE;
				MTL_FAST_MATH = YES;
				ONLY_ACTIVE_ARCH = YES;
				SDKROOT = iphoneos;
				SWIFT_ACTIVE_COMPILATION_CONDITIONS = DEBUG;
				SWIFT_OPTIMIZATION_LEVEL = "-Onone";
			};
			name = Debug;
		};
		39F92C672BDC5E8100C92B09 /* Release */ = {
			isa = XCBuildConfiguration;
			buildSettings = {
				ALWAYS_SEARCH_USER_PATHS = NO;
				CLANG_ANALYZER_NONNULL = YES;
				CLANG_ANALYZER_NUMBER_OBJECT_CONVERSION = YES_AGGRESSIVE;
				CLANG_CXX_LANGUAGE_STANDARD = "gnu++20";
				CLANG_ENABLE_MODULES = YES;
				CLANG_ENABLE_OBJC_ARC = YES;
				CLANG_ENABLE_OBJC_WEAK = YES;
				CLANG_WARN_BLOCK_CAPTURE_AUTORELEASING = YES;
				CLANG_WARN_BOOL_CONVERSION = YES;
				CLANG_WARN_COMMA = YES;
				CLANG_WARN_CONSTANT_CONVERSION = YES;
				CLANG_WARN_DEPRECATED_OBJC_IMPLEMENTATIONS = YES;
				CLANG_WARN_DIRECT_OBJC_ISA_USAGE = YES_ERROR;
				CLANG_WARN_DOCUMENTATION_COMMENTS = YES;
				CLANG_WARN_EMPTY_BODY = YES;
				CLANG_WARN_ENUM_CONVERSION = YES;
				CLANG_WARN_INFINITE_RECURSION = YES;
				CLANG_WARN_INT_CONVERSION = YES;
				CLANG_WARN_NON_LITERAL_NULL_CONVERSION = YES;
				CLANG_WARN_OBJC_IMPLICIT_RETAIN_SELF = YES;
				CLANG_WARN_OBJC_LITERAL_CONVERSION = YES;
				CLANG_WARN_OBJC_ROOT_CLASS = YES_ERROR;
				CLANG_WARN_QUOTED_INCLUDE_IN_FRAMEWORK_HEADER = YES;
				CLANG_WARN_RANGE_LOOP_ANALYSIS = YES;
				CLANG_WARN_STRICT_PROTOTYPES = YES;
				CLANG_WARN_SUSPICIOUS_MOVE = YES;
				CLANG_WARN_UNGUARDED_AVAILABILITY = YES_AGGRESSIVE;
				CLANG_WARN_UNREACHABLE_CODE = YES;
				CLANG_WARN__DUPLICATE_METHOD_MATCH = YES;
				COPY_PHASE_STRIP = NO;
				DEBUG_INFORMATION_FORMAT = "dwarf-with-dsym";
				ENABLE_NS_ASSERTIONS = NO;
				ENABLE_STRICT_OBJC_MSGSEND = YES;
				GCC_C_LANGUAGE_STANDARD = gnu11;
				GCC_NO_COMMON_BLOCKS = YES;
				GCC_WARN_64_TO_32_BIT_CONVERSION = YES;
				GCC_WARN_ABOUT_RETURN_TYPE = YES_ERROR;
				GCC_WARN_UNDECLARED_SELECTOR = YES;
				GCC_WARN_UNINITIALIZED_AUTOS = YES_AGGRESSIVE;
				GCC_WARN_UNUSED_FUNCTION = YES;
				GCC_WARN_UNUSED_VARIABLE = YES;
				IPHONEOS_DEPLOYMENT_TARGET = 16.4;
				MTL_ENABLE_DEBUG_INFO = NO;
				MTL_FAST_MATH = YES;
				SDKROOT = iphoneos;
				SWIFT_COMPILATION_MODE = wholemodule;
				SWIFT_OPTIMIZATION_LEVEL = "-O";
				VALIDATE_PRODUCT = YES;
			};
			name = Release;
		};
		39F92C692BDC5E8100C92B09 /* Debug */ = {
			isa = XCBuildConfiguration;
			buildSettings = {
				ASSETCATALOG_COMPILER_APPICON_NAME = AppIcon;
				ASSETCATALOG_COMPILER_GLOBAL_ACCENT_COLOR_NAME = AccentColor;
				CODE_SIGN_STYLE = Automatic;
				CURRENT_PROJECT_VERSION = 1;
				DEVELOPMENT_TEAM = T2C566K54D;
				GENERATE_INFOPLIST_FILE = YES;
				INFOPLIST_FILE = "On the Map/Info.plist";
				INFOPLIST_KEY_UIApplicationSupportsIndirectInputEvents = YES;
				INFOPLIST_KEY_UILaunchStoryboardName = LaunchScreen;
				INFOPLIST_KEY_UISupportedInterfaceOrientations_iPad = "UIInterfaceOrientationPortrait UIInterfaceOrientationPortraitUpsideDown UIInterfaceOrientationLandscapeLeft UIInterfaceOrientationLandscapeRight";
				INFOPLIST_KEY_UISupportedInterfaceOrientations_iPhone = "UIInterfaceOrientationPortrait UIInterfaceOrientationLandscapeLeft UIInterfaceOrientationLandscapeRight";
				LD_RUNPATH_SEARCH_PATHS = (
					"$(inherited)",
					"@executable_path/Frameworks",
				);
				MARKETING_VERSION = 1.0;
				PRODUCT_BUNDLE_IDENTIFIER = "com.mateusandreatta.On-the-Map";
				PRODUCT_NAME = "$(TARGET_NAME)";
				SWIFT_EMIT_LOC_STRINGS = YES;
				SWIFT_VERSION = 5.0;
				TARGETED_DEVICE_FAMILY = "1,2";
			};
			name = Debug;
		};
		39F92C6A2BDC5E8100C92B09 /* Release */ = {
			isa = XCBuildConfiguration;
			buildSettings = {
				ASSETCATALOG_COMPILER_APPICON_NAME = AppIcon;
				ASSETCATALOG_COMPILER_GLOBAL_ACCENT_COLOR_NAME = AccentColor;
				CODE_SIGN_STYLE = Automatic;
				CURRENT_PROJECT_VERSION = 1;
				DEVELOPMENT_TEAM = T2C566K54D;
				GENERATE_INFOPLIST_FILE = YES;
				INFOPLIST_FILE = "On the Map/Info.plist";
				INFOPLIST_KEY_UIApplicationSupportsIndirectInputEvents = YES;
				INFOPLIST_KEY_UILaunchStoryboardName = LaunchScreen;
				INFOPLIST_KEY_UISupportedInterfaceOrientations_iPad = "UIInterfaceOrientationPortrait UIInterfaceOrientationPortraitUpsideDown UIInterfaceOrientationLandscapeLeft UIInterfaceOrientationLandscapeRight";
				INFOPLIST_KEY_UISupportedInterfaceOrientations_iPhone = "UIInterfaceOrientationPortrait UIInterfaceOrientationLandscapeLeft UIInterfaceOrientationLandscapeRight";
				LD_RUNPATH_SEARCH_PATHS = (
					"$(inherited)",
					"@executable_path/Frameworks",
				);
				MARKETING_VERSION = 1.0;
				PRODUCT_BUNDLE_IDENTIFIER = "com.mateusandreatta.On-the-Map";
				PRODUCT_NAME = "$(TARGET_NAME)";
				SWIFT_EMIT_LOC_STRINGS = YES;
				SWIFT_VERSION = 5.0;
				TARGETED_DEVICE_FAMILY = "1,2";
			};
			name = Release;
		};
/* End XCBuildConfiguration section */

/* Begin XCConfigurationList section */
		39F92C4F2BDC5E7D00C92B09 /* Build configuration list for PBXProject "On the Map" */ = {
			isa = XCConfigurationList;
			buildConfigurations = (
				39F92C662BDC5E8100C92B09 /* Debug */,
				39F92C672BDC5E8100C92B09 /* Release */,
			);
			defaultConfigurationIsVisible = 0;
			defaultConfigurationName = Release;
		};
		39F92C682BDC5E8100C92B09 /* Build configuration list for PBXNativeTarget "On the Map" */ = {
			isa = XCConfigurationList;
			buildConfigurations = (
				39F92C692BDC5E8100C92B09 /* Debug */,
				39F92C6A2BDC5E8100C92B09 /* Release */,
			);
			defaultConfigurationIsVisible = 0;
			defaultConfigurationName = Release;
		};
/* End XCConfigurationList section */
	};
	rootObject = 39F92C4C2BDC5E7D00C92B09 /* Project object */;
}
